
Microsoft Visual Studio Solution File, Format Version 12.00
# Visual Studio 15
VisualStudioVersion = 15.0.27004.2009
MinimumVisualStudioVersion = 10.0.40219.1
Project("{FAE04EC0-301F-11D3-BF4B-00C04F79EFBC}") = "Nicenis", "Nicenis\Nicenis.csproj", "{DD0939A8-E685-4803-A170-946E43139A78}"
EndProject
Project("{FAE04EC0-301F-11D3-BF4B-00C04F79EFBC}") = "NicenisTestGui", "NicenisTestGui\NicenisTestGui.csproj", "{87E16728-6CFD-46E6-9FE0-35E6B98AEBD9}"
EndProject
Project("{FAE04EC0-301F-11D3-BF4B-00C04F79EFBC}") = "NicenisTests", "NicenisTests\NicenisTests.csproj", "{307920D4-87A4-47B2-B189-D9A1E5CDB7CC}"
EndProject
Project("{FAE04EC0-301F-11D3-BF4B-00C04F79EFBC}") = "PropertyObservablePerformanceTest", "WatchableObjectPerformanceTest\PropertyObservablePerformanceTest.csproj", "{643D3927-CED4-49E3-9C35-B19A7CB64A89}"
EndProject
Project("{FAE04EC0-301F-11D3-BF4B-00C04F79EFBC}") = "NicenisUwp", "NicenisUWP\NicenisUwp.csproj", "{2EAB2640-ADA6-41A2-A730-63C31121BDCD}"
EndProject
Project("{FAE04EC0-301F-11D3-BF4B-00C04F79EFBC}") = "NicenisUwpTests", "NicenisUWPTests\NicenisUwpTests.csproj", "{A1404254-2FE0-4F43-9752-7FE1ACF464FC}"
EndProject
Project("{FAE04EC0-301F-11D3-BF4B-00C04F79EFBC}") = "NicenisUwpGuiTests", "NicenisUwpGuiTests\NicenisUwpGuiTests.csproj", "{CFADD44E-26FE-42C6-947B-BF6FE83BC86E}"
EndProject
Project("{FAE04EC0-301F-11D3-BF4B-00C04F79EFBC}") = "NicenisGuiTests", "NicenisGuiTests\NicenisGuiTests.csproj", "{931F9C0A-7B62-44C5-B7A9-833B3A3B6D2E}"
EndProject
Global
	GlobalSection(SolutionConfigurationPlatforms) = preSolution
		Debug|Any CPU = Debug|Any CPU
		Debug|ARM = Debug|ARM
		Debug|x64 = Debug|x64
		Debug|x86 = Debug|x86
		Release|Any CPU = Release|Any CPU
		Release|ARM = Release|ARM
		Release|x64 = Release|x64
		Release|x86 = Release|x86
	EndGlobalSection
	GlobalSection(ProjectConfigurationPlatforms) = postSolution
		{DD0939A8-E685-4803-A170-946E43139A78}.Debug|Any CPU.ActiveCfg = Debug|Any CPU
		{DD0939A8-E685-4803-A170-946E43139A78}.Debug|Any CPU.Build.0 = Debug|Any CPU
		{DD0939A8-E685-4803-A170-946E43139A78}.Debug|ARM.ActiveCfg = Debug|Any CPU
		{DD0939A8-E685-4803-A170-946E43139A78}.Debug|ARM.Build.0 = Debug|Any CPU
		{DD0939A8-E685-4803-A170-946E43139A78}.Debug|x64.ActiveCfg = Debug|Any CPU
		{DD0939A8-E685-4803-A170-946E43139A78}.Debug|x64.Build.0 = Debug|Any CPU
		{DD0939A8-E685-4803-A170-946E43139A78}.Debug|x86.ActiveCfg = Debug|Any CPU
		{DD0939A8-E685-4803-A170-946E43139A78}.Debug|x86.Build.0 = Debug|Any CPU
		{DD0939A8-E685-4803-A170-946E43139A78}.Release|Any CPU.ActiveCfg = Release|Any CPU
		{DD0939A8-E685-4803-A170-946E43139A78}.Release|Any CPU.Build.0 = Release|Any CPU
		{DD0939A8-E685-4803-A170-946E43139A78}.Release|ARM.ActiveCfg = Release|Any CPU
		{DD0939A8-E685-4803-A170-946E43139A78}.Release|ARM.Build.0 = Release|Any CPU
		{DD0939A8-E685-4803-A170-946E43139A78}.Release|x64.ActiveCfg = Release|Any CPU
		{DD0939A8-E685-4803-A170-946E43139A78}.Release|x64.Build.0 = Release|Any CPU
		{DD0939A8-E685-4803-A170-946E43139A78}.Release|x86.ActiveCfg = Release|Any CPU
		{DD0939A8-E685-4803-A170-946E43139A78}.Release|x86.Build.0 = Release|Any CPU
		{87E16728-6CFD-46E6-9FE0-35E6B98AEBD9}.Debug|Any CPU.ActiveCfg = Debug|Any CPU
		{87E16728-6CFD-46E6-9FE0-35E6B98AEBD9}.Debug|Any CPU.Build.0 = Debug|Any CPU
		{87E16728-6CFD-46E6-9FE0-35E6B98AEBD9}.Debug|ARM.ActiveCfg = Debug|Any CPU
		{87E16728-6CFD-46E6-9FE0-35E6B98AEBD9}.Debug|ARM.Build.0 = Debug|Any CPU
		{87E16728-6CFD-46E6-9FE0-35E6B98AEBD9}.Debug|x64.ActiveCfg = Debug|Any CPU
		{87E16728-6CFD-46E6-9FE0-35E6B98AEBD9}.Debug|x64.Build.0 = Debug|Any CPU
		{87E16728-6CFD-46E6-9FE0-35E6B98AEBD9}.Debug|x86.ActiveCfg = Debug|Any CPU
		{87E16728-6CFD-46E6-9FE0-35E6B98AEBD9}.Debug|x86.Build.0 = Debug|Any CPU
		{87E16728-6CFD-46E6-9FE0-35E6B98AEBD9}.Release|Any CPU.ActiveCfg = Release|Any CPU
		{87E16728-6CFD-46E6-9FE0-35E6B98AEBD9}.Release|Any CPU.Build.0 = Release|Any CPU
		{87E16728-6CFD-46E6-9FE0-35E6B98AEBD9}.Release|ARM.ActiveCfg = Release|Any CPU
		{87E16728-6CFD-46E6-9FE0-35E6B98AEBD9}.Release|ARM.Build.0 = Release|Any CPU
		{87E16728-6CFD-46E6-9FE0-35E6B98AEBD9}.Release|x64.ActiveCfg = Release|Any CPU
		{87E16728-6CFD-46E6-9FE0-35E6B98AEBD9}.Release|x64.Build.0 = Release|Any CPU
		{87E16728-6CFD-46E6-9FE0-35E6B98AEBD9}.Release|x86.ActiveCfg = Release|Any CPU
		{87E16728-6CFD-46E6-9FE0-35E6B98AEBD9}.Release|x86.Build.0 = Release|Any CPU
		{307920D4-87A4-47B2-B189-D9A1E5CDB7CC}.Debug|Any CPU.ActiveCfg = Debug|Any CPU
		{307920D4-87A4-47B2-B189-D9A1E5CDB7CC}.Debug|Any CPU.Build.0 = Debug|Any CPU
		{307920D4-87A4-47B2-B189-D9A1E5CDB7CC}.Debug|ARM.ActiveCfg = Debug|Any CPU
		{307920D4-87A4-47B2-B189-D9A1E5CDB7CC}.Debug|ARM.Build.0 = Debug|Any CPU
		{307920D4-87A4-47B2-B189-D9A1E5CDB7CC}.Debug|x64.ActiveCfg = Debug|Any CPU
		{307920D4-87A4-47B2-B189-D9A1E5CDB7CC}.Debug|x64.Build.0 = Debug|Any CPU
		{307920D4-87A4-47B2-B189-D9A1E5CDB7CC}.Debug|x86.ActiveCfg = Debug|Any CPU
		{307920D4-87A4-47B2-B189-D9A1E5CDB7CC}.Debug|x86.Build.0 = Debug|Any CPU
		{307920D4-87A4-47B2-B189-D9A1E5CDB7CC}.Release|Any CPU.ActiveCfg = Release|Any CPU
		{307920D4-87A4-47B2-B189-D9A1E5CDB7CC}.Release|Any CPU.Build.0 = Release|Any CPU
		{307920D4-87A4-47B2-B189-D9A1E5CDB7CC}.Release|ARM.ActiveCfg = Release|Any CPU
		{307920D4-87A4-47B2-B189-D9A1E5CDB7CC}.Release|ARM.Build.0 = Release|Any CPU
		{307920D4-87A4-47B2-B189-D9A1E5CDB7CC}.Release|x64.ActiveCfg = Release|Any CPU
		{307920D4-87A4-47B2-B189-D9A1E5CDB7CC}.Release|x64.Build.0 = Release|Any CPU
		{307920D4-87A4-47B2-B189-D9A1E5CDB7CC}.Release|x86.ActiveCfg = Release|Any CPU
		{307920D4-87A4-47B2-B189-D9A1E5CDB7CC}.Release|x86.Build.0 = Release|Any CPU
		{643D3927-CED4-49E3-9C35-B19A7CB64A89}.Debug|Any CPU.ActiveCfg = Debug|Any CPU
		{643D3927-CED4-49E3-9C35-B19A7CB64A89}.Debug|Any CPU.Build.0 = Debug|Any CPU
		{643D3927-CED4-49E3-9C35-B19A7CB64A89}.Debug|ARM.ActiveCfg = Debug|Any CPU
		{643D3927-CED4-49E3-9C35-B19A7CB64A89}.Debug|ARM.Build.0 = Debug|Any CPU
		{643D3927-CED4-49E3-9C35-B19A7CB64A89}.Debug|x64.ActiveCfg = Debug|Any CPU
		{643D3927-CED4-49E3-9C35-B19A7CB64A89}.Debug|x64.Build.0 = Debug|Any CPU
		{643D3927-CED4-49E3-9C35-B19A7CB64A89}.Debug|x86.ActiveCfg = Debug|Any CPU
		{643D3927-CED4-49E3-9C35-B19A7CB64A89}.Debug|x86.Build.0 = Debug|Any CPU
		{643D3927-CED4-49E3-9C35-B19A7CB64A89}.Release|Any CPU.ActiveCfg = Release|Any CPU
		{643D3927-CED4-49E3-9C35-B19A7CB64A89}.Release|Any CPU.Build.0 = Release|Any CPU
		{643D3927-CED4-49E3-9C35-B19A7CB64A89}.Release|ARM.ActiveCfg = Release|Any CPU
		{643D3927-CED4-49E3-9C35-B19A7CB64A89}.Release|ARM.Build.0 = Release|Any CPU
		{643D3927-CED4-49E3-9C35-B19A7CB64A89}.Release|x64.ActiveCfg = Release|Any CPU
		{643D3927-CED4-49E3-9C35-B19A7CB64A89}.Release|x64.Build.0 = Release|Any CPU
		{643D3927-CED4-49E3-9C35-B19A7CB64A89}.Release|x86.ActiveCfg = Release|Any CPU
		{643D3927-CED4-49E3-9C35-B19A7CB64A89}.Release|x86.Build.0 = Release|Any CPU
		{2EAB2640-ADA6-41A2-A730-63C31121BDCD}.Debug|Any CPU.ActiveCfg = Debug|Any CPU
		{2EAB2640-ADA6-41A2-A730-63C31121BDCD}.Debug|Any CPU.Build.0 = Debug|Any CPU
		{2EAB2640-ADA6-41A2-A730-63C31121BDCD}.Debug|ARM.ActiveCfg = Debug|ARM
		{2EAB2640-ADA6-41A2-A730-63C31121BDCD}.Debug|ARM.Build.0 = Debug|ARM
		{2EAB2640-ADA6-41A2-A730-63C31121BDCD}.Debug|x64.ActiveCfg = Debug|x64
		{2EAB2640-ADA6-41A2-A730-63C31121BDCD}.Debug|x64.Build.0 = Debug|x64
		{2EAB2640-ADA6-41A2-A730-63C31121BDCD}.Debug|x86.ActiveCfg = Debug|x86
		{2EAB2640-ADA6-41A2-A730-63C31121BDCD}.Debug|x86.Build.0 = Debug|x86
		{2EAB2640-ADA6-41A2-A730-63C31121BDCD}.Release|Any CPU.ActiveCfg = Release|Any CPU
		{2EAB2640-ADA6-41A2-A730-63C31121BDCD}.Release|Any CPU.Build.0 = Release|Any CPU
		{2EAB2640-ADA6-41A2-A730-63C31121BDCD}.Release|ARM.ActiveCfg = Release|ARM
		{2EAB2640-ADA6-41A2-A730-63C31121BDCD}.Release|ARM.Build.0 = Release|ARM
		{2EAB2640-ADA6-41A2-A730-63C31121BDCD}.Release|x64.ActiveCfg = Release|x64
		{2EAB2640-ADA6-41A2-A730-63C31121BDCD}.Release|x64.Build.0 = Release|x64
		{2EAB2640-ADA6-41A2-A730-63C31121BDCD}.Release|x86.ActiveCfg = Release|x86
		{2EAB2640-ADA6-41A2-A730-63C31121BDCD}.Release|x86.Build.0 = Release|x86
		{A1404254-2FE0-4F43-9752-7FE1ACF464FC}.Debug|Any CPU.ActiveCfg = Debug|x86
		{A1404254-2FE0-4F43-9752-7FE1ACF464FC}.Debug|ARM.ActiveCfg = Debug|ARM
		{A1404254-2FE0-4F43-9752-7FE1ACF464FC}.Debug|ARM.Build.0 = Debug|ARM
		{A1404254-2FE0-4F43-9752-7FE1ACF464FC}.Debug|ARM.Deploy.0 = Debug|ARM
		{A1404254-2FE0-4F43-9752-7FE1ACF464FC}.Debug|x64.ActiveCfg = Debug|x64
		{A1404254-2FE0-4F43-9752-7FE1ACF464FC}.Debug|x64.Build.0 = Debug|x64
		{A1404254-2FE0-4F43-9752-7FE1ACF464FC}.Debug|x64.Deploy.0 = Debug|x64
		{A1404254-2FE0-4F43-9752-7FE1ACF464FC}.Debug|x86.ActiveCfg = Debug|x86
		{A1404254-2FE0-4F43-9752-7FE1ACF464FC}.Debug|x86.Build.0 = Debug|x86
		{A1404254-2FE0-4F43-9752-7FE1ACF464FC}.Debug|x86.Deploy.0 = Debug|x86
		{A1404254-2FE0-4F43-9752-7FE1ACF464FC}.Release|Any CPU.ActiveCfg = Release|x86
		{A1404254-2FE0-4F43-9752-7FE1ACF464FC}.Release|ARM.ActiveCfg = Release|ARM
		{A1404254-2FE0-4F43-9752-7FE1ACF464FC}.Release|ARM.Build.0 = Release|ARM
		{A1404254-2FE0-4F43-9752-7FE1ACF464FC}.Release|ARM.Deploy.0 = Release|ARM
		{A1404254-2FE0-4F43-9752-7FE1ACF464FC}.Release|x64.ActiveCfg = Release|x64
		{A1404254-2FE0-4F43-9752-7FE1ACF464FC}.Release|x64.Build.0 = Release|x64
		{A1404254-2FE0-4F43-9752-7FE1ACF464FC}.Release|x64.Deploy.0 = Release|x64
		{A1404254-2FE0-4F43-9752-7FE1ACF464FC}.Release|x86.ActiveCfg = Release|x86
		{A1404254-2FE0-4F43-9752-7FE1ACF464FC}.Release|x86.Build.0 = Release|x86
		{A1404254-2FE0-4F43-9752-7FE1ACF464FC}.Release|x86.Deploy.0 = Release|x86
		{CFADD44E-26FE-42C6-947B-BF6FE83BC86E}.Debug|Any CPU.ActiveCfg = Debug|x86
		{CFADD44E-26FE-42C6-947B-BF6FE83BC86E}.Debug|ARM.ActiveCfg = Debug|ARM
		{CFADD44E-26FE-42C6-947B-BF6FE83BC86E}.Debug|ARM.Build.0 = Debug|ARM
		{CFADD44E-26FE-42C6-947B-BF6FE83BC86E}.Debug|ARM.Deploy.0 = Debug|ARM
		{CFADD44E-26FE-42C6-947B-BF6FE83BC86E}.Debug|x64.ActiveCfg = Debug|x64
		{CFADD44E-26FE-42C6-947B-BF6FE83BC86E}.Debug|x64.Build.0 = Debug|x64
		{CFADD44E-26FE-42C6-947B-BF6FE83BC86E}.Debug|x64.Deploy.0 = Debug|x64
		{CFADD44E-26FE-42C6-947B-BF6FE83BC86E}.Debug|x86.ActiveCfg = Debug|x86
		{CFADD44E-26FE-42C6-947B-BF6FE83BC86E}.Debug|x86.Build.0 = Debug|x86
		{CFADD44E-26FE-42C6-947B-BF6FE83BC86E}.Debug|x86.Deploy.0 = Debug|x86
		{CFADD44E-26FE-42C6-947B-BF6FE83BC86E}.Release|Any CPU.ActiveCfg = Release|x86
		{CFADD44E-26FE-42C6-947B-BF6FE83BC86E}.Release|ARM.ActiveCfg = Release|ARM
		{CFADD44E-26FE-42C6-947B-BF6FE83BC86E}.Release|ARM.Build.0 = Release|ARM
		{CFADD44E-26FE-42C6-947B-BF6FE83BC86E}.Release|ARM.Deploy.0 = Release|ARM
		{CFADD44E-26FE-42C6-947B-BF6FE83BC86E}.Release|x64.ActiveCfg = Release|x64
		{CFADD44E-26FE-42C6-947B-BF6FE83BC86E}.Release|x64.Build.0 = Release|x64
		{CFADD44E-26FE-42C6-947B-BF6FE83BC86E}.Release|x64.Deploy.0 = Release|x64
		{CFADD44E-26FE-42C6-947B-BF6FE83BC86E}.Release|x86.ActiveCfg = Release|x86
		{CFADD44E-26FE-42C6-947B-BF6FE83BC86E}.Release|x86.Build.0 = Release|x86
		{CFADD44E-26FE-42C6-947B-BF6FE83BC86E}.Release|x86.Deploy.0 = Release|x86
		{931F9C0A-7B62-44C5-B7A9-833B3A3B6D2E}.Debug|Any CPU.ActiveCfg = Debug|Any CPU
		{931F9C0A-7B62-44C5-B7A9-833B3A3B6D2E}.Debug|Any CPU.Build.0 = Debug|Any CPU
		{931F9C0A-7B62-44C5-B7A9-833B3A3B6D2E}.Debug|ARM.ActiveCfg = Debug|Any CPU
		{931F9C0A-7B62-44C5-B7A9-833B3A3B6D2E}.Debug|ARM.Build.0 = Debug|Any CPU
		{931F9C0A-7B62-44C5-B7A9-833B3A3B6D2E}.Debug|x64.ActiveCfg = Debug|Any CPU
		{931F9C0A-7B62-44C5-B7A9-833B3A3B6D2E}.Debug|x64.Build.0 = Debug|Any CPU
		{931F9C0A-7B62-44C5-B7A9-833B3A3B6D2E}.Debug|x86.ActiveCfg = Debug|Any CPU
		{931F9C0A-7B62-44C5-B7A9-833B3A3B6D2E}.Debug|x86.Build.0 = Debug|Any CPU
		{931F9C0A-7B62-44C5-B7A9-833B3A3B6D2E}.Release|Any CPU.ActiveCfg = Release|Any CPU
		{931F9C0A-7B62-44C5-B7A9-833B3A3B6D2E}.Release|Any CPU.Build.0 = Release|Any CPU
		{931F9C0A-7B62-44C5-B7A9-833B3A3B6D2E}.Release|ARM.ActiveCfg = Release|Any CPU
		{931F9C0A-7B62-44C5-B7A9-833B3A3B6D2E}.Release|ARM.Build.0 = Release|Any CPU
		{931F9C0A-7B62-44C5-B7A9-833B3A3B6D2E}.Release|x64.ActiveCfg = Release|Any CPU
		{931F9C0A-7B62-44C5-B7A9-833B3A3B6D2E}.Release|x64.Build.0 = Release|Any CPU
		{931F9C0A-7B62-44C5-B7A9-833B3A3B6D2E}.Release|x86.ActiveCfg = Release|Any CPU
		{931F9C0A-7B62-44C5-B7A9-833B3A3B6D2E}.Release|x86.Build.0 = Release|Any CPU
	EndGlobalSection
	GlobalSection(SolutionProperties) = preSolution
		HideSolutionNode = FALSE
	EndGlobalSection
	GlobalSection(ExtensibilityGlobals) = postSolution
		SolutionGuid = {5C590A40-E281-437C-A8EC-F9DDC02AE431}
	EndGlobalSection
EndGlobal
