
Microsoft Visual Studio Solution File, Format Version 12.00
# Visual Studio 14
VisualStudioVersion = 14.0.23107.0
MinimumVisualStudioVersion = 10.0.40219.1
Project("{FAE04EC0-301F-11D3-BF4B-00C04F79EFBC}") = "Nicenis", "Nicenis\Nicenis.csproj", "{DD0939A8-E685-4803-A170-946E43139A78}"
EndProject
Project("{FAE04EC0-301F-11D3-BF4B-00C04F79EFBC}") = "NicenisTestGui", "NicenisTestGui\NicenisTestGui.csproj", "{87E16728-6CFD-46E6-9FE0-35E6B98AEBD9}"
EndProject
Project("{FAE04EC0-301F-11D3-BF4B-00C04F79EFBC}") = "NicenisTests", "NicenisTests\NicenisTests.csproj", "{307920D4-87A4-47B2-B189-D9A1E5CDB7CC}"
EndProject
Project("{FAE04EC0-301F-11D3-BF4B-00C04F79EFBC}") = "Nicenis_For_4.0.0_Client_Profile", "Nicenis_For_4.0.0_Client_Profile\Nicenis_For_4.0.0_Client_Profile.csproj", "{326BA87D-9A12-4401-8A5B-03BD56CA8578}"
EndProject
Project("{FAE04EC0-301F-11D3-BF4B-00C04F79EFBC}") = "NicenisTests_For_4.0.0_Client_Profile", "NicenisTests_For_4.0.0_Client_Profile\NicenisTests_For_4.0.0_Client_Profile.csproj", "{A0EEB482-58B3-4294-9555-DDAAE869C39A}"
EndProject
Project("{FAE04EC0-301F-11D3-BF4B-00C04F79EFBC}") = "NicenisTestGui_For_4.0.0_Client_Profile", "NicenisTestGui_For_4.0.0_Client_Profile\NicenisTestGui_For_4.0.0_Client_Profile.csproj", "{E1A9308A-FD94-4733-AFB7-E10CE71B2108}"
EndProject
Project("{FAE04EC0-301F-11D3-BF4B-00C04F79EFBC}") = "PropertyObservablePerformanceTest", "WatchableObjectPerformanceTest\PropertyObservablePerformanceTest.csproj", "{643D3927-CED4-49E3-9C35-B19A7CB64A89}"
EndProject
Project("{FAE04EC0-301F-11D3-BF4B-00C04F79EFBC}") = "NicenisRT", "NicenisRT\NicenisRT.csproj", "{A6F2F349-20F7-4090-AFF7-F12F207D16EA}"
EndProject
Global
	GlobalSection(SolutionConfigurationPlatforms) = preSolution
		Debug|Any CPU = Debug|Any CPU
		Release|Any CPU = Release|Any CPU
	EndGlobalSection
	GlobalSection(ProjectConfigurationPlatforms) = postSolution
		{DD0939A8-E685-4803-A170-946E43139A78}.Debug|Any CPU.ActiveCfg = Debug|Any CPU
		{DD0939A8-E685-4803-A170-946E43139A78}.Debug|Any CPU.Build.0 = Debug|Any CPU
		{DD0939A8-E685-4803-A170-946E43139A78}.Release|Any CPU.ActiveCfg = Release|Any CPU
		{DD0939A8-E685-4803-A170-946E43139A78}.Release|Any CPU.Build.0 = Release|Any CPU
		{87E16728-6CFD-46E6-9FE0-35E6B98AEBD9}.Debug|Any CPU.ActiveCfg = Debug|Any CPU
		{87E16728-6CFD-46E6-9FE0-35E6B98AEBD9}.Debug|Any CPU.Build.0 = Debug|Any CPU
		{87E16728-6CFD-46E6-9FE0-35E6B98AEBD9}.Release|Any CPU.ActiveCfg = Release|Any CPU
		{87E16728-6CFD-46E6-9FE0-35E6B98AEBD9}.Release|Any CPU.Build.0 = Release|Any CPU
		{307920D4-87A4-47B2-B189-D9A1E5CDB7CC}.Debug|Any CPU.ActiveCfg = Debug|Any CPU
		{307920D4-87A4-47B2-B189-D9A1E5CDB7CC}.Debug|Any CPU.Build.0 = Debug|Any CPU
		{307920D4-87A4-47B2-B189-D9A1E5CDB7CC}.Release|Any CPU.ActiveCfg = Release|Any CPU
		{307920D4-87A4-47B2-B189-D9A1E5CDB7CC}.Release|Any CPU.Build.0 = Release|Any CPU
		{326BA87D-9A12-4401-8A5B-03BD56CA8578}.Debug|Any CPU.ActiveCfg = Debug|Any CPU
		{326BA87D-9A12-4401-8A5B-03BD56CA8578}.Debug|Any CPU.Build.0 = Debug|Any CPU
		{326BA87D-9A12-4401-8A5B-03BD56CA8578}.Release|Any CPU.ActiveCfg = Release|Any CPU
		{326BA87D-9A12-4401-8A5B-03BD56CA8578}.Release|Any CPU.Build.0 = Release|Any CPU
		{A0EEB482-58B3-4294-9555-DDAAE869C39A}.Debug|Any CPU.ActiveCfg = Debug|Any CPU
		{A0EEB482-58B3-4294-9555-DDAAE869C39A}.Debug|Any CPU.Build.0 = Debug|Any CPU
		{A0EEB482-58B3-4294-9555-DDAAE869C39A}.Release|Any CPU.ActiveCfg = Release|Any CPU
		{A0EEB482-58B3-4294-9555-DDAAE869C39A}.Release|Any CPU.Build.0 = Release|Any CPU
		{E1A9308A-FD94-4733-AFB7-E10CE71B2108}.Debug|Any CPU.ActiveCfg = Debug|Any CPU
		{E1A9308A-FD94-4733-AFB7-E10CE71B2108}.Debug|Any CPU.Build.0 = Debug|Any CPU
		{E1A9308A-FD94-4733-AFB7-E10CE71B2108}.Release|Any CPU.ActiveCfg = Release|Any CPU
		{E1A9308A-FD94-4733-AFB7-E10CE71B2108}.Release|Any CPU.Build.0 = Release|Any CPU
		{643D3927-CED4-49E3-9C35-B19A7CB64A89}.Debug|Any CPU.ActiveCfg = Debug|Any CPU
		{643D3927-CED4-49E3-9C35-B19A7CB64A89}.Debug|Any CPU.Build.0 = Debug|Any CPU
		{643D3927-CED4-49E3-9C35-B19A7CB64A89}.Release|Any CPU.ActiveCfg = Release|Any CPU
		{643D3927-CED4-49E3-9C35-B19A7CB64A89}.Release|Any CPU.Build.0 = Release|Any CPU
		{A6F2F349-20F7-4090-AFF7-F12F207D16EA}.Debug|Any CPU.ActiveCfg = Debug|Any CPU
		{A6F2F349-20F7-4090-AFF7-F12F207D16EA}.Debug|Any CPU.Build.0 = Debug|Any CPU
		{A6F2F349-20F7-4090-AFF7-F12F207D16EA}.Release|Any CPU.ActiveCfg = Release|Any CPU
		{A6F2F349-20F7-4090-AFF7-F12F207D16EA}.Release|Any CPU.Build.0 = Release|Any CPU
	EndGlobalSection
	GlobalSection(SolutionProperties) = preSolution
		HideSolutionNode = FALSE
	EndGlobalSection
EndGlobal
