
Microsoft Visual Studio Solution File, Format Version 12.00
# Visual Studio Express 2012 for Windows Desktop
Project("{FAE04EC0-301F-11D3-BF4B-00C04F79EFBC}") = "Nicenis", "Nicenis\Nicenis.csproj", "{DD0939A8-E685-4803-A170-946E43139A78}"
EndProject
Project("{FAE04EC0-301F-11D3-BF4B-00C04F79EFBC}") = "NicenisTestGui", "NicenisTestGui\NicenisTestGui.csproj", "{87E16728-6CFD-46E6-9FE0-35E6B98AEBD9}"
EndProject
Global
	GlobalSection(SolutionConfigurationPlatforms) = preSolution
		Debug|Any CPU = Debug|Any CPU
		Release|Any CPU = Release|Any CPU
	EndGlobalSection
	GlobalSection(ProjectConfigurationPlatforms) = postSolution
		{DD0939A8-E685-4803-A170-946E43139A78}.Debug|Any CPU.ActiveCfg = Debug|Any CPU
		{DD0939A8-E685-4803-A170-946E43139A78}.Debug|Any CPU.Build.0 = Debug|Any CPU
		{DD0939A8-E685-4803-A170-946E43139A78}.Release|Any CPU.ActiveCfg = Release|Any CPU
		{DD0939A8-E685-4803-A170-946E43139A78}.Release|Any CPU.Build.0 = Release|Any CPU
		{87E16728-6CFD-46E6-9FE0-35E6B98AEBD9}.Debug|Any CPU.ActiveCfg = Debug|Any CPU
		{87E16728-6CFD-46E6-9FE0-35E6B98AEBD9}.Debug|Any CPU.Build.0 = Debug|Any CPU
		{87E16728-6CFD-46E6-9FE0-35E6B98AEBD9}.Release|Any CPU.ActiveCfg = Release|Any CPU
		{87E16728-6CFD-46E6-9FE0-35E6B98AEBD9}.Release|Any CPU.Build.0 = Release|Any CPU
	EndGlobalSection
	GlobalSection(SolutionProperties) = preSolution
		HideSolutionNode = FALSE
	EndGlobalSection
EndGlobal
